
Microsoft Visual Studio Solution File, Format Version 12.00
# Visual Studio Version 17
VisualStudioVersion = 17.14.37314.3 d17.14
MinimumVisualStudioVersion = 10.0.40219.1
Project("{FAE04EC0-301F-11D3-BF4B-00C04F79EFBC}") = "Selenium.Core", "Selenium.Core\Selenium.Core.csproj", "{6C1E2F6A-3127-46AB-A069-A1D3A4FCC989}"
EndProject
Project("{FAE04EC0-301F-11D3-BF4B-00C04F79EFBC}") = "Selenium.Reqnroll", "Selenium.Reqnroll\Selenium.Reqnroll.csproj", "{614B2CC1-3ED5-4C76-BEE6-71579D6D9985}"
EndProject
Global
	GlobalSection(SolutionConfigurationPlatforms) = preSolution
		Debug|Any CPU = Debug|Any CPU
		Release|Any CPU = Release|Any CPU
	EndGlobalSection
	GlobalSection(ProjectConfigurationPlatforms) = postSolution
		{6C1E2F6A-3127-46AB-A069-A1D3A4FCC989}.Debug|Any CPU.ActiveCfg = Debug|Any CPU
		{6C1E2F6A-3127-46AB-A069-A1D3A4FCC989}.Debug|Any CPU.Build.0 = Debug|Any CPU
		{6C1E2F6A-3127-46AB-A069-A1D3A4FCC989}.Release|Any CPU.ActiveCfg = Release|Any CPU
		{6C1E2F6A-3127-46AB-A069-A1D3A4FCC989}.Release|Any CPU.Build.0 = Release|Any CPU
		{614B2CC1-3ED5-4C76-BEE6-71579D6D9985}.Debug|Any CPU.ActiveCfg = Debug|Any CPU
		{614B2CC1-3ED5-4C76-BEE6-71579D6D9985}.Debug|Any CPU.Build.0 = Debug|Any CPU
		{614B2CC1-3ED5-4C76-BEE6-71579D6D9985}.Release|Any CPU.ActiveCfg = Release|Any CPU
		{614B2CC1-3ED5-4C76-BEE6-71579D6D9985}.Release|Any CPU.Build.0 = Release|Any CPU
	EndGlobalSection
	GlobalSection(SolutionProperties) = preSolution
		HideSolutionNode = FALSE
	EndGlobalSection
	GlobalSection(ExtensibilityGlobals) = postSolution
		SolutionGuid = {CBBCDC30-1548-4C3A-885F-3D2DC1E42AF1}
	EndGlobalSection
EndGlobal
